// !$*UTF8*$!
{
	archiveVersion = 1;
	classes = {
	};
	objectVersion = 51;
	objects = {

/* Begin PBXBuildFile section */
		5081880F82129A4E2389B340 /* Pods_Challenger.framework in Frameworks */ = {isa = PBXBuildFile; fileRef = E2F82457E2B2ABC1456EDBF9 /* Pods_Challenger.framework */; };
		E202A3DF25338243002EFDCB /* BluetoothConnectionViewController.swift in Sources */ = {isa = PBXBuildFile; fileRef = E202A3DE25338243002EFDCB /* BluetoothConnectionViewController.swift */; };
		E213611724FE2FBE005FDC3F /* AppSettings.swift in Sources */ = {isa = PBXBuildFile; fileRef = E213611624FE2FBE005FDC3F /* AppSettings.swift */; };
		E239A49825A0E48400E7D118 /* HeartRateSensorConnection.swift in Sources */ = {isa = PBXBuildFile; fileRef = E239A49725A0E48400E7D118 /* HeartRateSensorConnection.swift */; };
		E23AF4D124B4A1E400894B05 /* AppDelegate.swift in Sources */ = {isa = PBXBuildFile; fileRef = E23AF4D024B4A1E400894B05 /* AppDelegate.swift */; };
		E23AF4D324B4A1E400894B05 /* SceneDelegate.swift in Sources */ = {isa = PBXBuildFile; fileRef = E23AF4D224B4A1E400894B05 /* SceneDelegate.swift */; };
		E23AF4D524B4A1E400894B05 /* LoginViewController.swift in Sources */ = {isa = PBXBuildFile; fileRef = E23AF4D424B4A1E400894B05 /* LoginViewController.swift */; };
		E23AF4D824B4A1E400894B05 /* Main.storyboard in Resources */ = {isa = PBXBuildFile; fileRef = E23AF4D624B4A1E400894B05 /* Main.storyboard */; };
		E23AF4DB24B4A1E400894B05 /* Challenger.xcdatamodeld in Sources */ = {isa = PBXBuildFile; fileRef = E23AF4D924B4A1E400894B05 /* Challenger.xcdatamodeld */; };
		E23AF4DD24B4A1E900894B05 /* Assets.xcassets in Resources */ = {isa = PBXBuildFile; fileRef = E23AF4DC24B4A1E900894B05 /* Assets.xcassets */; };
		E23AF4E024B4A1E900894B05 /* LaunchScreen.storyboard in Resources */ = {isa = PBXBuildFile; fileRef = E23AF4DE24B4A1E900894B05 /* LaunchScreen.storyboard */; };
		E23DED7124C58CAB0032B4D0 /* RecorderInitViewController.swift in Sources */ = {isa = PBXBuildFile; fileRef = E23DED7024C58CAB0032B4D0 /* RecorderInitViewController.swift */; };
		E23FD40E25286A5D0010BBB4 /* Timer.swift in Sources */ = {isa = PBXBuildFile; fileRef = E23FD40D25286A5D0010BBB4 /* Timer.swift */; };
		E2404B27251CD6D400D24144 /* ChallengeMapViewController.swift in Sources */ = {isa = PBXBuildFile; fileRef = E2404B26251CD6D400D24144 /* ChallengeMapViewController.swift */; };
		E2404B29251CD6E500D24144 /* ChallengeChartsViewController.swift in Sources */ = {isa = PBXBuildFile; fileRef = E2404B28251CD6E500D24144 /* ChallengeChartsViewController.swift */; };
		E247937C24C4A66900238678 /* UserProfileViewController.swift in Sources */ = {isa = PBXBuildFile; fileRef = E247937B24C4A66900238678 /* UserProfileViewController.swift */; };
		E247937E24C4A67600238678 /* CreateChallengeViewController.swift in Sources */ = {isa = PBXBuildFile; fileRef = E247937D24C4A67600238678 /* CreateChallengeViewController.swift */; };
		E247938024C4A68400238678 /* InitChallengeRecordingViewController.swift in Sources */ = {isa = PBXBuildFile; fileRef = E247937F24C4A68400238678 /* InitChallengeRecordingViewController.swift */; };
		E24D21F924FA62750029A6EF /* UserManager.swift in Sources */ = {isa = PBXBuildFile; fileRef = E24D21F824FA62750029A6EF /* UserManager.swift */; };
		E24F941E251722D200CD7549 /* LatLng.swift in Sources */ = {isa = PBXBuildFile; fileRef = E24F941D251722D200CD7549 /* LatLng.swift */; };
		E255E1C524C4BEEC00EB8C0F /* TabBarController.swift in Sources */ = {isa = PBXBuildFile; fileRef = E255E1C424C4BEEC00EB8C0F /* TabBarController.swift */; };
		E25ACB7F24B4E34700B46AF3 /* GoogleService-Info.plist in Resources */ = {isa = PBXBuildFile; fileRef = E25ACB7E24B4E34700B46AF3 /* GoogleService-Info.plist */; };
		E25ACB8724B4F70E00B46AF3 /* FeedScreenViewController.swift in Sources */ = {isa = PBXBuildFile; fileRef = E25ACB8624B4F70E00B46AF3 /* FeedScreenViewController.swift */; };
		E25ADFD5251928F70058888D /* ChallengeDetailsViewController.swift in Sources */ = {isa = PBXBuildFile; fileRef = E25ADFD4251928F70058888D /* ChallengeDetailsViewController.swift */; };
		E25B083E24BA2845006D61DF /* MapKit.framework in Frameworks */ = {isa = PBXBuildFile; fileRef = E25B083D24BA2845006D61DF /* MapKit.framework */; };
		E25B084124BA31DC006D61DF /* LocationTracking.swift in Sources */ = {isa = PBXBuildFile; fileRef = E25B084024BA31DC006D61DF /* LocationTracking.swift */; };
		E25C310024CD741C00DEDA97 /* UserSettingsViewController.swift in Sources */ = {isa = PBXBuildFile; fileRef = E25C30FF24CD741C00DEDA97 /* UserSettingsViewController.swift */; };
		E25C589624F4F2EB005AC278 /* SelfSizedTableView.swift in Sources */ = {isa = PBXBuildFile; fileRef = E25C589524F4F2EB005AC278 /* SelfSizedTableView.swift */; };
		E25C589824F53C6A005AC278 /* Utils.swift in Sources */ = {isa = PBXBuildFile; fileRef = E25C589724F53C6A005AC278 /* Utils.swift */; };
		E25C589A24F5452E005AC278 /* User.swift in Sources */ = {isa = PBXBuildFile; fileRef = E25C589924F5452E005AC278 /* User.swift */; };
		E26A00AF24C1D30100F4A489 /* MapViewController.swift in Sources */ = {isa = PBXBuildFile; fileRef = E26A00AE24C1D30100F4A489 /* MapViewController.swift */; };
		E26A00B124C1D31800F4A489 /* ChallengeRecordingViewController.swift in Sources */ = {isa = PBXBuildFile; fileRef = E26A00B024C1D31800F4A489 /* ChallengeRecordingViewController.swift */; };
		E26C4A36252F990D00082CAC /* SpeedCadenceSensorConnection.swift in Sources */ = {isa = PBXBuildFile; fileRef = E26C4A35252F990D00082CAC /* SpeedCadenceSensorConnection.swift */; };
		E26C75B424B5F33500A48ED5 /* RegisterViewController.swift in Sources */ = {isa = PBXBuildFile; fileRef = E26C75B324B5F33500A48ED5 /* RegisterViewController.swift */; };
		E27838ED254DD09200C88A93 /* IndoorTrainingViewController.swift in Sources */ = {isa = PBXBuildFile; fileRef = E27838EC254DD09200C88A93 /* IndoorTrainingViewController.swift */; };
		E2867FB624C21A920082149F /* InitialViewController.swift in Sources */ = {isa = PBXBuildFile; fileRef = E2867FB524C21A920082149F /* InitialViewController.swift */; };
		E2871D2224C0314E0058EAA3 /* MyLocation.swift in Sources */ = {isa = PBXBuildFile; fileRef = E2871D2124C0314E0058EAA3 /* MyLocation.swift */; };
		E28ABF65252DDD32009FDECD /* DetailTableViewCell.swift in Sources */ = {isa = PBXBuildFile; fileRef = E28ABF63252DDD32009FDECD /* DetailTableViewCell.swift */; };
		E28ABF66252DDD32009FDECD /* DetailTableViewCell.xib in Resources */ = {isa = PBXBuildFile; fileRef = E28ABF64252DDD32009FDECD /* DetailTableViewCell.xib */; };
		E29FBB7F24F2A50100A6A756 /* Contstans.swift in Sources */ = {isa = PBXBuildFile; fileRef = E29FBB7E24F2A50100A6A756 /* Contstans.swift */; };
		E29FBB8124F2A9E800A6A756 /* ChallengeData.swift in Sources */ = {isa = PBXBuildFile; fileRef = E29FBB8024F2A9E800A6A756 /* ChallengeData.swift */; };
		E29FBB8424F2AB3600A6A756 /* ChallengeTableViewCell.swift in Sources */ = {isa = PBXBuildFile; fileRef = E29FBB8224F2AB3600A6A756 /* ChallengeTableViewCell.swift */; };
		E29FBB8524F2AB3600A6A756 /* ChallengeTableViewCell.xib in Resources */ = {isa = PBXBuildFile; fileRef = E29FBB8324F2AB3600A6A756 /* ChallengeTableViewCell.xib */; };
		E2BCC876251E168100F608D2 /* ChallengeManager.swift in Sources */ = {isa = PBXBuildFile; fileRef = E2BCC875251E168100F608D2 /* ChallengeManager.swift */; };
		E2C9457C2516061300A65E71 /* Challenge.swift in Sources */ = {isa = PBXBuildFile; fileRef = E2C9457B2516061300A65E71 /* Challenge.swift */; };
		E2C9457E251674BA00A65E71 /* FirebaseMyLocation.swift in Sources */ = {isa = PBXBuildFile; fileRef = E2C9457D251674BA00A65E71 /* FirebaseMyLocation.swift */; };
		E2C94580251675D500A65E71 /* FirebaseChallenge.swift in Sources */ = {isa = PBXBuildFile; fileRef = E2C9457F251675D500A65E71 /* FirebaseChallenge.swift */; };
		E2F2FEBC25A1CD9F00900CAF /* PrivateKeys.swift in Sources */ = {isa = PBXBuildFile; fileRef = E2F2FEBB25A1CD9F00900CAF /* PrivateKeys.swift */; };
/* End PBXBuildFile section */

/* Begin PBXFileReference section */
		C6C3C7ADEABFE137F1DBCC9D /* Pods-Challenger.release.xcconfig */ = {isa = PBXFileReference; includeInIndex = 1; lastKnownFileType = text.xcconfig; name = "Pods-Challenger.release.xcconfig"; path = "Target Support Files/Pods-Challenger/Pods-Challenger.release.xcconfig"; sourceTree = "<group>"; };
		E202A3DE25338243002EFDCB /* BluetoothConnectionViewController.swift */ = {isa = PBXFileReference; lastKnownFileType = sourcecode.swift; path = BluetoothConnectionViewController.swift; sourceTree = "<group>"; };
		E213611624FE2FBE005FDC3F /* AppSettings.swift */ = {isa = PBXFileReference; lastKnownFileType = sourcecode.swift; path = AppSettings.swift; sourceTree = "<group>"; };
		E239A49725A0E48400E7D118 /* HeartRateSensorConnection.swift */ = {isa = PBXFileReference; lastKnownFileType = sourcecode.swift; path = HeartRateSensorConnection.swift; sourceTree = "<group>"; };
		E23AF4CD24B4A1E400894B05 /* Challenger.app */ = {isa = PBXFileReference; explicitFileType = wrapper.application; includeInIndex = 0; path = Challenger.app; sourceTree = BUILT_PRODUCTS_DIR; };
		E23AF4D024B4A1E400894B05 /* AppDelegate.swift */ = {isa = PBXFileReference; lastKnownFileType = sourcecode.swift; path = AppDelegate.swift; sourceTree = "<group>"; };
		E23AF4D224B4A1E400894B05 /* SceneDelegate.swift */ = {isa = PBXFileReference; lastKnownFileType = sourcecode.swift; path = SceneDelegate.swift; sourceTree = "<group>"; };
		E23AF4D424B4A1E400894B05 /* LoginViewController.swift */ = {isa = PBXFileReference; lastKnownFileType = sourcecode.swift; path = LoginViewController.swift; sourceTree = "<group>"; };
		E23AF4D724B4A1E400894B05 /* Base */ = {isa = PBXFileReference; lastKnownFileType = file.storyboard; name = Base; path = Base.lproj/Main.storyboard; sourceTree = "<group>"; };
		E23AF4DA24B4A1E400894B05 /* Challenger.xcdatamodel */ = {isa = PBXFileReference; lastKnownFileType = wrapper.xcdatamodel; path = Challenger.xcdatamodel; sourceTree = "<group>"; };
		E23AF4DC24B4A1E900894B05 /* Assets.xcassets */ = {isa = PBXFileReference; lastKnownFileType = folder.assetcatalog; path = Assets.xcassets; sourceTree = "<group>"; };
		E23AF4DF24B4A1E900894B05 /* Base */ = {isa = PBXFileReference; lastKnownFileType = file.storyboard; name = Base; path = Base.lproj/LaunchScreen.storyboard; sourceTree = "<group>"; };
		E23AF4E124B4A1E900894B05 /* Info.plist */ = {isa = PBXFileReference; lastKnownFileType = text.plist.xml; path = Info.plist; sourceTree = "<group>"; };
		E23DED7024C58CAB0032B4D0 /* RecorderInitViewController.swift */ = {isa = PBXFileReference; lastKnownFileType = sourcecode.swift; path = RecorderInitViewController.swift; sourceTree = "<group>"; };
		E23FD40D25286A5D0010BBB4 /* Timer.swift */ = {isa = PBXFileReference; lastKnownFileType = sourcecode.swift; path = Timer.swift; sourceTree = "<group>"; };
		E2404B26251CD6D400D24144 /* ChallengeMapViewController.swift */ = {isa = PBXFileReference; lastKnownFileType = sourcecode.swift; path = ChallengeMapViewController.swift; sourceTree = "<group>"; };
		E2404B28251CD6E500D24144 /* ChallengeChartsViewController.swift */ = {isa = PBXFileReference; lastKnownFileType = sourcecode.swift; path = ChallengeChartsViewController.swift; sourceTree = "<group>"; };
		E247937B24C4A66900238678 /* UserProfileViewController.swift */ = {isa = PBXFileReference; lastKnownFileType = sourcecode.swift; path = UserProfileViewController.swift; sourceTree = "<group>"; };
		E247937D24C4A67600238678 /* CreateChallengeViewController.swift */ = {isa = PBXFileReference; lastKnownFileType = sourcecode.swift; path = CreateChallengeViewController.swift; sourceTree = "<group>"; };
		E247937F24C4A68400238678 /* InitChallengeRecordingViewController.swift */ = {isa = PBXFileReference; lastKnownFileType = sourcecode.swift; path = InitChallengeRecordingViewController.swift; sourceTree = "<group>"; };
		E24D21F824FA62750029A6EF /* UserManager.swift */ = {isa = PBXFileReference; lastKnownFileType = sourcecode.swift; path = UserManager.swift; sourceTree = "<group>"; };
		E24F941D251722D200CD7549 /* LatLng.swift */ = {isa = PBXFileReference; lastKnownFileType = sourcecode.swift; path = LatLng.swift; sourceTree = "<group>"; };
		E255E1C424C4BEEC00EB8C0F /* TabBarController.swift */ = {isa = PBXFileReference; lastKnownFileType = sourcecode.swift; path = TabBarController.swift; sourceTree = "<group>"; };
		E25ACB7E24B4E34700B46AF3 /* GoogleService-Info.plist */ = {isa = PBXFileReference; fileEncoding = 4; lastKnownFileType = text.plist.xml; path = "GoogleService-Info.plist"; sourceTree = "<group>"; };
		E25ACB8624B4F70E00B46AF3 /* FeedScreenViewController.swift */ = {isa = PBXFileReference; lastKnownFileType = sourcecode.swift; path = FeedScreenViewController.swift; sourceTree = "<group>"; };
		E25ADFD4251928F70058888D /* ChallengeDetailsViewController.swift */ = {isa = PBXFileReference; lastKnownFileType = sourcecode.swift; path = ChallengeDetailsViewController.swift; sourceTree = "<group>"; };
		E25B083D24BA2845006D61DF /* MapKit.framework */ = {isa = PBXFileReference; lastKnownFileType = wrapper.framework; name = MapKit.framework; path = System/Library/Frameworks/MapKit.framework; sourceTree = SDKROOT; };
		E25B084024BA31DC006D61DF /* LocationTracking.swift */ = {isa = PBXFileReference; lastKnownFileType = sourcecode.swift; path = LocationTracking.swift; sourceTree = "<group>"; };
		E25C30FF24CD741C00DEDA97 /* UserSettingsViewController.swift */ = {isa = PBXFileReference; lastKnownFileType = sourcecode.swift; path = UserSettingsViewController.swift; sourceTree = "<group>"; };
		E25C589524F4F2EB005AC278 /* SelfSizedTableView.swift */ = {isa = PBXFileReference; lastKnownFileType = sourcecode.swift; path = SelfSizedTableView.swift; sourceTree = "<group>"; };
		E25C589724F53C6A005AC278 /* Utils.swift */ = {isa = PBXFileReference; lastKnownFileType = sourcecode.swift; path = Utils.swift; sourceTree = "<group>"; };
		E25C589924F5452E005AC278 /* User.swift */ = {isa = PBXFileReference; lastKnownFileType = sourcecode.swift; path = User.swift; sourceTree = "<group>"; };
		E26A00AE24C1D30100F4A489 /* MapViewController.swift */ = {isa = PBXFileReference; lastKnownFileType = sourcecode.swift; path = MapViewController.swift; sourceTree = "<group>"; };
		E26A00B024C1D31800F4A489 /* ChallengeRecordingViewController.swift */ = {isa = PBXFileReference; lastKnownFileType = sourcecode.swift; path = ChallengeRecordingViewController.swift; sourceTree = "<group>"; };
		E26C4A35252F990D00082CAC /* SpeedCadenceSensorConnection.swift */ = {isa = PBXFileReference; lastKnownFileType = sourcecode.swift; path = SpeedCadenceSensorConnection.swift; sourceTree = "<group>"; };
		E26C75B324B5F33500A48ED5 /* RegisterViewController.swift */ = {isa = PBXFileReference; lastKnownFileType = sourcecode.swift; path = RegisterViewController.swift; sourceTree = "<group>"; };
		E27838EC254DD09200C88A93 /* IndoorTrainingViewController.swift */ = {isa = PBXFileReference; lastKnownFileType = sourcecode.swift; path = IndoorTrainingViewController.swift; sourceTree = "<group>"; };
		E2867FB524C21A920082149F /* InitialViewController.swift */ = {isa = PBXFileReference; lastKnownFileType = sourcecode.swift; path = InitialViewController.swift; sourceTree = "<group>"; };
		E2871D2124C0314E0058EAA3 /* MyLocation.swift */ = {isa = PBXFileReference; lastKnownFileType = sourcecode.swift; path = MyLocation.swift; sourceTree = "<group>"; };
		E28ABF63252DDD32009FDECD /* DetailTableViewCell.swift */ = {isa = PBXFileReference; lastKnownFileType = sourcecode.swift; path = DetailTableViewCell.swift; sourceTree = "<group>"; };
		E28ABF64252DDD32009FDECD /* DetailTableViewCell.xib */ = {isa = PBXFileReference; lastKnownFileType = file.xib; path = DetailTableViewCell.xib; sourceTree = "<group>"; };
		E29FBB7E24F2A50100A6A756 /* Contstans.swift */ = {isa = PBXFileReference; lastKnownFileType = sourcecode.swift; path = Contstans.swift; sourceTree = "<group>"; };
		E29FBB8024F2A9E800A6A756 /* ChallengeData.swift */ = {isa = PBXFileReference; lastKnownFileType = sourcecode.swift; path = ChallengeData.swift; sourceTree = "<group>"; };
		E29FBB8224F2AB3600A6A756 /* ChallengeTableViewCell.swift */ = {isa = PBXFileReference; lastKnownFileType = sourcecode.swift; path = ChallengeTableViewCell.swift; sourceTree = "<group>"; };
		E29FBB8324F2AB3600A6A756 /* ChallengeTableViewCell.xib */ = {isa = PBXFileReference; lastKnownFileType = file.xib; path = ChallengeTableViewCell.xib; sourceTree = "<group>"; };
		E2BCC875251E168100F608D2 /* ChallengeManager.swift */ = {isa = PBXFileReference; lastKnownFileType = sourcecode.swift; path = ChallengeManager.swift; sourceTree = "<group>"; };
		E2C9457B2516061300A65E71 /* Challenge.swift */ = {isa = PBXFileReference; lastKnownFileType = sourcecode.swift; path = Challenge.swift; sourceTree = "<group>"; };
		E2C9457D251674BA00A65E71 /* FirebaseMyLocation.swift */ = {isa = PBXFileReference; lastKnownFileType = sourcecode.swift; path = FirebaseMyLocation.swift; sourceTree = "<group>"; };
		E2C9457F251675D500A65E71 /* FirebaseChallenge.swift */ = {isa = PBXFileReference; lastKnownFileType = sourcecode.swift; path = FirebaseChallenge.swift; sourceTree = "<group>"; };
		E2F2FEBB25A1CD9F00900CAF /* PrivateKeys.swift */ = {isa = PBXFileReference; lastKnownFileType = sourcecode.swift; path = PrivateKeys.swift; sourceTree = "<group>"; };
		E2F82457E2B2ABC1456EDBF9 /* Pods_Challenger.framework */ = {isa = PBXFileReference; explicitFileType = wrapper.framework; includeInIndex = 0; path = Pods_Challenger.framework; sourceTree = BUILT_PRODUCTS_DIR; };
		FDCFEE0854A3750D2F7BDEDC /* Pods-Challenger.debug.xcconfig */ = {isa = PBXFileReference; includeInIndex = 1; lastKnownFileType = text.xcconfig; name = "Pods-Challenger.debug.xcconfig"; path = "Target Support Files/Pods-Challenger/Pods-Challenger.debug.xcconfig"; sourceTree = "<group>"; };
/* End PBXFileReference section */

/* Begin PBXFrameworksBuildPhase section */
		E23AF4CA24B4A1E400894B05 /* Frameworks */ = {
			isa = PBXFrameworksBuildPhase;
			buildActionMask = 2147483647;
			files = (
				E25B083E24BA2845006D61DF /* MapKit.framework in Frameworks */,
				5081880F82129A4E2389B340 /* Pods_Challenger.framework in Frameworks */,
			);
			runOnlyForDeploymentPostprocessing = 0;
		};
/* End PBXFrameworksBuildPhase section */

/* Begin PBXGroup section */
		8A51DBE5D637EE56E0ACD005 /* Pods */ = {
			isa = PBXGroup;
			children = (
				FDCFEE0854A3750D2F7BDEDC /* Pods-Challenger.debug.xcconfig */,
				C6C3C7ADEABFE137F1DBCC9D /* Pods-Challenger.release.xcconfig */,
			);
			path = Pods;
			sourceTree = "<group>";
		};
		9FBA9BEA597530283D2D718D /* Frameworks */ = {
			isa = PBXGroup;
			children = (
				E25B083D24BA2845006D61DF /* MapKit.framework */,
				E2F82457E2B2ABC1456EDBF9 /* Pods_Challenger.framework */,
			);
			name = Frameworks;
			sourceTree = "<group>";
		};
		E23AF4C424B4A1E400894B05 = {
			isa = PBXGroup;
			children = (
				E23AF4CF24B4A1E400894B05 /* Challenger */,
				E23AF4CE24B4A1E400894B05 /* Products */,
				8A51DBE5D637EE56E0ACD005 /* Pods */,
				9FBA9BEA597530283D2D718D /* Frameworks */,
			);
			sourceTree = "<group>";
		};
		E23AF4CE24B4A1E400894B05 /* Products */ = {
			isa = PBXGroup;
			children = (
				E23AF4CD24B4A1E400894B05 /* Challenger.app */,
			);
			name = Products;
			sourceTree = "<group>";
		};
		E23AF4CF24B4A1E400894B05 /* Challenger */ = {
			isa = PBXGroup;
			children = (
				E23AF4D024B4A1E400894B05 /* AppDelegate.swift */,
				E23AF4D224B4A1E400894B05 /* SceneDelegate.swift */,
				E25ACB8524B4F30000B46AF3 /* Controllers */,
				E25ACB8424B4F2EC00B46AF3 /* Views */,
				E23AF4DC24B4A1E900894B05 /* Assets.xcassets */,
				E23AF4DE24B4A1E900894B05 /* LaunchScreen.storyboard */,
				E23AF4E124B4A1E900894B05 /* Info.plist */,
				E23AF4D924B4A1E400894B05 /* Challenger.xcdatamodeld */,
				E25ACB7E24B4E34700B46AF3 /* GoogleService-Info.plist */,
				E2871D2524C037150058EAA3 /* Models */,
				E29FBB7E24F2A50100A6A756 /* Contstans.swift */,
				E25C589724F53C6A005AC278 /* Utils.swift */,
				E2F2FEBB25A1CD9F00900CAF /* PrivateKeys.swift */,
			);
			path = Challenger;
			sourceTree = "<group>";
		};
		E24F941F251722FF00CD7549 /* Firebase Model */ = {
			isa = PBXGroup;
			children = (
				E2C9457D251674BA00A65E71 /* FirebaseMyLocation.swift */,
				E2C9457F251675D500A65E71 /* FirebaseChallenge.swift */,
				E24F941D251722D200CD7549 /* LatLng.swift */,
			);
			path = "Firebase Model";
			sourceTree = "<group>";
		};
		E25ACB8424B4F2EC00B46AF3 /* Views */ = {
			isa = PBXGroup;
			children = (
				E23AF4D624B4A1E400894B05 /* Main.storyboard */,
				E29FBB8224F2AB3600A6A756 /* ChallengeTableViewCell.swift */,
				E29FBB8324F2AB3600A6A756 /* ChallengeTableViewCell.xib */,
				E25C589524F4F2EB005AC278 /* SelfSizedTableView.swift */,
				E28ABF63252DDD32009FDECD /* DetailTableViewCell.swift */,
				E28ABF64252DDD32009FDECD /* DetailTableViewCell.xib */,
			);
			path = Views;
			sourceTree = "<group>";
		};
		E25ACB8524B4F30000B46AF3 /* Controllers */ = {
			isa = PBXGroup;
			children = (
				E23AF4D424B4A1E400894B05 /* LoginViewController.swift */,
				E25ACB8624B4F70E00B46AF3 /* FeedScreenViewController.swift */,
				E26C75B324B5F33500A48ED5 /* RegisterViewController.swift */,
				E25C30FE24CD6F4D00DEDA97 /* Recording */,
				E25C30FF24CD741C00DEDA97 /* UserSettingsViewController.swift */,
				E2867FB524C21A920082149F /* InitialViewController.swift */,
				E247937B24C4A66900238678 /* UserProfileViewController.swift */,
				E247937D24C4A67600238678 /* CreateChallengeViewController.swift */,
				E255E1C424C4BEEC00EB8C0F /* TabBarController.swift */,
				E25ADFD4251928F70058888D /* ChallengeDetailsViewController.swift */,
				E2404B26251CD6D400D24144 /* ChallengeMapViewController.swift */,
				E2404B28251CD6E500D24144 /* ChallengeChartsViewController.swift */,
				E202A3DE25338243002EFDCB /* BluetoothConnectionViewController.swift */,
			);
			path = Controllers;
			sourceTree = "<group>";
		};
		E25C30FE24CD6F4D00DEDA97 /* Recording */ = {
			isa = PBXGroup;
			children = (
				E26A00AE24C1D30100F4A489 /* MapViewController.swift */,
				E26A00B024C1D31800F4A489 /* ChallengeRecordingViewController.swift */,
				E247937F24C4A68400238678 /* InitChallengeRecordingViewController.swift */,
				E23DED7024C58CAB0032B4D0 /* RecorderInitViewController.swift */,
				E27838EC254DD09200C88A93 /* IndoorTrainingViewController.swift */,
			);
			path = Recording;
			sourceTree = "<group>";
		};
		E2871D2524C037150058EAA3 /* Models */ = {
			isa = PBXGroup;
			children = (
				E25B084024BA31DC006D61DF /* LocationTracking.swift */,
				E2871D2124C0314E0058EAA3 /* MyLocation.swift */,
				E29FBB8024F2A9E800A6A756 /* ChallengeData.swift */,
				E25C589924F5452E005AC278 /* User.swift */,
				E24D21F824FA62750029A6EF /* UserManager.swift */,
				E213611624FE2FBE005FDC3F /* AppSettings.swift */,
				E2C9457B2516061300A65E71 /* Challenge.swift */,
				E2BCC875251E168100F608D2 /* ChallengeManager.swift */,
				E24F941F251722FF00CD7549 /* Firebase Model */,
				E23FD40D25286A5D0010BBB4 /* Timer.swift */,
				E26C4A35252F990D00082CAC /* SpeedCadenceSensorConnection.swift */,
				E239A49725A0E48400E7D118 /* HeartRateSensorConnection.swift */,
			);
			path = Models;
			sourceTree = "<group>";
		};
/* End PBXGroup section */

/* Begin PBXNativeTarget section */
		E23AF4CC24B4A1E400894B05 /* Challenger */ = {
			isa = PBXNativeTarget;
			buildConfigurationList = E23AF4E424B4A1E900894B05 /* Build configuration list for PBXNativeTarget "Challenger" */;
			buildPhases = (
				53748B40BAC0BE40B82E646E /* [CP] Check Pods Manifest.lock */,
				E23AF4C924B4A1E400894B05 /* Sources */,
				E23AF4CA24B4A1E400894B05 /* Frameworks */,
				E23AF4CB24B4A1E400894B05 /* Resources */,
				FA65F557CBACF095FD7849EF /* [CP] Embed Pods Frameworks */,
			);
			buildRules = (
			);
			dependencies = (
			);
			name = Challenger;
			productName = Challenger;
			productReference = E23AF4CD24B4A1E400894B05 /* Challenger.app */;
			productType = "com.apple.product-type.application";
		};
/* End PBXNativeTarget section */

/* Begin PBXProject section */
		E23AF4C524B4A1E400894B05 /* Project object */ = {
			isa = PBXProject;
			attributes = {
				LastSwiftUpdateCheck = 1140;
				LastUpgradeCheck = 1140;
				ORGANIZATIONNAME = "Andras Sziffer";
				TargetAttributes = {
					E23AF4CC24B4A1E400894B05 = {
						CreatedOnToolsVersion = 11.4.1;
					};
				};
			};
			buildConfigurationList = E23AF4C824B4A1E400894B05 /* Build configuration list for PBXProject "Challenger" */;
			compatibilityVersion = "Xcode 9.3";
			developmentRegion = en;
			hasScannedForEncodings = 0;
			knownRegions = (
				en,
				Base,
			);
			mainGroup = E23AF4C424B4A1E400894B05;
			productRefGroup = E23AF4CE24B4A1E400894B05 /* Products */;
			projectDirPath = "";
			projectRoot = "";
			targets = (
				E23AF4CC24B4A1E400894B05 /* Challenger */,
			);
		};
/* End PBXProject section */

/* Begin PBXResourcesBuildPhase section */
		E23AF4CB24B4A1E400894B05 /* Resources */ = {
			isa = PBXResourcesBuildPhase;
			buildActionMask = 2147483647;
			files = (
				E23AF4E024B4A1E900894B05 /* LaunchScreen.storyboard in Resources */,
				E25ACB7F24B4E34700B46AF3 /* GoogleService-Info.plist in Resources */,
				E29FBB8524F2AB3600A6A756 /* ChallengeTableViewCell.xib in Resources */,
				E23AF4DD24B4A1E900894B05 /* Assets.xcassets in Resources */,
				E28ABF66252DDD32009FDECD /* DetailTableViewCell.xib in Resources */,
				E23AF4D824B4A1E400894B05 /* Main.storyboard in Resources */,
			);
			runOnlyForDeploymentPostprocessing = 0;
		};
/* End PBXResourcesBuildPhase section */

/* Begin PBXShellScriptBuildPhase section */
		53748B40BAC0BE40B82E646E /* [CP] Check Pods Manifest.lock */ = {
			isa = PBXShellScriptBuildPhase;
			buildActionMask = 2147483647;
			files = (
			);
			inputFileListPaths = (
			);
			inputPaths = (
				"${PODS_PODFILE_DIR_PATH}/Podfile.lock",
				"${PODS_ROOT}/Manifest.lock",
			);
			name = "[CP] Check Pods Manifest.lock";
			outputFileListPaths = (
			);
			outputPaths = (
				"$(DERIVED_FILE_DIR)/Pods-Challenger-checkManifestLockResult.txt",
			);
			runOnlyForDeploymentPostprocessing = 0;
			shellPath = /bin/sh;
			shellScript = "diff \"${PODS_PODFILE_DIR_PATH}/Podfile.lock\" \"${PODS_ROOT}/Manifest.lock\" > /dev/null\nif [ $? != 0 ] ; then\n    # print error to STDERR\n    echo \"error: The sandbox is not in sync with the Podfile.lock. Run 'pod install' or update your CocoaPods installation.\" >&2\n    exit 1\nfi\n# This output is used by Xcode 'outputs' to avoid re-running this script phase.\necho \"SUCCESS\" > \"${SCRIPT_OUTPUT_FILE_0}\"\n";
			showEnvVarsInLog = 0;
		};
		FA65F557CBACF095FD7849EF /* [CP] Embed Pods Frameworks */ = {
			isa = PBXShellScriptBuildPhase;
			buildActionMask = 2147483647;
			files = (
			);
			inputFileListPaths = (
				"${PODS_ROOT}/Target Support Files/Pods-Challenger/Pods-Challenger-frameworks-${CONFIGURATION}-input-files.xcfilelist",
			);
			name = "[CP] Embed Pods Frameworks";
			outputFileListPaths = (
				"${PODS_ROOT}/Target Support Files/Pods-Challenger/Pods-Challenger-frameworks-${CONFIGURATION}-output-files.xcfilelist",
			);
			runOnlyForDeploymentPostprocessing = 0;
			shellPath = /bin/sh;
			shellScript = "\"${PODS_ROOT}/Target Support Files/Pods-Challenger/Pods-Challenger-frameworks.sh\"\n";
			showEnvVarsInLog = 0;
		};
/* End PBXShellScriptBuildPhase section */

/* Begin PBXSourcesBuildPhase section */
		E23AF4C924B4A1E400894B05 /* Sources */ = {
			isa = PBXSourcesBuildPhase;
			buildActionMask = 2147483647;
			files = (
				E23AF4DB24B4A1E400894B05 /* Challenger.xcdatamodeld in Sources */,
				E255E1C524C4BEEC00EB8C0F /* TabBarController.swift in Sources */,
				E2C9457E251674BA00A65E71 /* FirebaseMyLocation.swift in Sources */,
				E2404B29251CD6E500D24144 /* ChallengeChartsViewController.swift in Sources */,
				E213611724FE2FBE005FDC3F /* AppSettings.swift in Sources */,
				E23AF4D524B4A1E400894B05 /* LoginViewController.swift in Sources */,
				E23AF4D124B4A1E400894B05 /* AppDelegate.swift in Sources */,
				E2867FB624C21A920082149F /* InitialViewController.swift in Sources */,
				E24F941E251722D200CD7549 /* LatLng.swift in Sources */,
				E26A00AF24C1D30100F4A489 /* MapViewController.swift in Sources */,
				E25B084124BA31DC006D61DF /* LocationTracking.swift in Sources */,
				E239A49825A0E48400E7D118 /* HeartRateSensorConnection.swift in Sources */,
				E25C589624F4F2EB005AC278 /* SelfSizedTableView.swift in Sources */,
				E26C75B424B5F33500A48ED5 /* RegisterViewController.swift in Sources */,
				E29FBB7F24F2A50100A6A756 /* Contstans.swift in Sources */,
				E2404B27251CD6D400D24144 /* ChallengeMapViewController.swift in Sources */,
				E27838ED254DD09200C88A93 /* IndoorTrainingViewController.swift in Sources */,
				E29FBB8124F2A9E800A6A756 /* ChallengeData.swift in Sources */,
				E247937C24C4A66900238678 /* UserProfileViewController.swift in Sources */,
				E29FBB8424F2AB3600A6A756 /* ChallengeTableViewCell.swift in Sources */,
				E2C94580251675D500A65E71 /* FirebaseChallenge.swift in Sources */,
				E25C310024CD741C00DEDA97 /* UserSettingsViewController.swift in Sources */,
				E2C9457C2516061300A65E71 /* Challenge.swift in Sources */,
				E26C4A36252F990D00082CAC /* SpeedCadenceSensorConnection.swift in Sources */,
				E25C589824F53C6A005AC278 /* Utils.swift in Sources */,
				E24D21F924FA62750029A6EF /* UserManager.swift in Sources */,
				E28ABF65252DDD32009FDECD /* DetailTableViewCell.swift in Sources */,
				E2F2FEBC25A1CD9F00900CAF /* PrivateKeys.swift in Sources */,
				E247938024C4A68400238678 /* InitChallengeRecordingViewController.swift in Sources */,
				E2BCC876251E168100F608D2 /* ChallengeManager.swift in Sources */,
				E25ADFD5251928F70058888D /* ChallengeDetailsViewController.swift in Sources */,
				E23DED7124C58CAB0032B4D0 /* RecorderInitViewController.swift in Sources */,
				E2871D2224C0314E0058EAA3 /* MyLocation.swift in Sources */,
				E202A3DF25338243002EFDCB /* BluetoothConnectionViewController.swift in Sources */,
				E247937E24C4A67600238678 /* CreateChallengeViewController.swift in Sources */,
				E25C589A24F5452E005AC278 /* User.swift in Sources */,
				E23AF4D324B4A1E400894B05 /* SceneDelegate.swift in Sources */,
				E26A00B124C1D31800F4A489 /* ChallengeRecordingViewController.swift in Sources */,
				E25ACB8724B4F70E00B46AF3 /* FeedScreenViewController.swift in Sources */,
				E23FD40E25286A5D0010BBB4 /* Timer.swift in Sources */,
			);
			runOnlyForDeploymentPostprocessing = 0;
		};
/* End PBXSourcesBuildPhase section */

/* Begin PBXVariantGroup section */
		E23AF4D624B4A1E400894B05 /* Main.storyboard */ = {
			isa = PBXVariantGroup;
			children = (
				E23AF4D724B4A1E400894B05 /* Base */,
			);
			name = Main.storyboard;
			sourceTree = "<group>";
		};
		E23AF4DE24B4A1E900894B05 /* LaunchScreen.storyboard */ = {
			isa = PBXVariantGroup;
			children = (
				E23AF4DF24B4A1E900894B05 /* Base */,
			);
			name = LaunchScreen.storyboard;
			sourceTree = "<group>";
		};
/* End PBXVariantGroup section */

/* Begin XCBuildConfiguration section */
		E23AF4E224B4A1E900894B05 /* Debug */ = {
			isa = XCBuildConfiguration;
			buildSettings = {
				ALWAYS_SEARCH_USER_PATHS = NO;
				CLANG_ANALYZER_NONNULL = YES;
				CLANG_ANALYZER_NUMBER_OBJECT_CONVERSION = YES_AGGRESSIVE;
				CLANG_CXX_LANGUAGE_STANDARD = "gnu++14";
				CLANG_CXX_LIBRARY = "libc++";
				CLANG_ENABLE_MODULES = YES;
				CLANG_ENABLE_OBJC_ARC = YES;
				CLANG_ENABLE_OBJC_WEAK = YES;
				CLANG_WARN_BLOCK_CAPTURE_AUTORELEASING = YES;
				CLANG_WARN_BOOL_CONVERSION = YES;
				CLANG_WARN_COMMA = YES;
				CLANG_WARN_CONSTANT_CONVERSION = YES;
				CLANG_WARN_DEPRECATED_OBJC_IMPLEMENTATIONS = YES;
				CLANG_WARN_DIRECT_OBJC_ISA_USAGE = YES_ERROR;
				CLANG_WARN_DOCUMENTATION_COMMENTS = YES;
				CLANG_WARN_EMPTY_BODY = YES;
				CLANG_WARN_ENUM_CONVERSION = YES;
				CLANG_WARN_INFINITE_RECURSION = YES;
				CLANG_WARN_INT_CONVERSION = YES;
				CLANG_WARN_NON_LITERAL_NULL_CONVERSION = YES;
				CLANG_WARN_OBJC_IMPLICIT_RETAIN_SELF = YES;
				CLANG_WARN_OBJC_LITERAL_CONVERSION = YES;
				CLANG_WARN_OBJC_ROOT_CLASS = YES_ERROR;
				CLANG_WARN_RANGE_LOOP_ANALYSIS = YES;
				CLANG_WARN_STRICT_PROTOTYPES = YES;
				CLANG_WARN_SUSPICIOUS_MOVE = YES;
				CLANG_WARN_UNGUARDED_AVAILABILITY = YES_AGGRESSIVE;
				CLANG_WARN_UNREACHABLE_CODE = YES;
				CLANG_WARN__DUPLICATE_METHOD_MATCH = YES;
				COPY_PHASE_STRIP = NO;
				DEBUG_INFORMATION_FORMAT = dwarf;
				ENABLE_STRICT_OBJC_MSGSEND = YES;
				ENABLE_TESTABILITY = YES;
				GCC_C_LANGUAGE_STANDARD = gnu11;
				GCC_DYNAMIC_NO_PIC = NO;
				GCC_NO_COMMON_BLOCKS = YES;
				GCC_OPTIMIZATION_LEVEL = 0;
				GCC_PREPROCESSOR_DEFINITIONS = (
					"DEBUG=1",
					"$(inherited)",
				);
				GCC_WARN_64_TO_32_BIT_CONVERSION = YES;
				GCC_WARN_ABOUT_RETURN_TYPE = YES_ERROR;
				GCC_WARN_UNDECLARED_SELECTOR = YES;
				GCC_WARN_UNINITIALIZED_AUTOS = YES_AGGRESSIVE;
				GCC_WARN_UNUSED_FUNCTION = YES;
				GCC_WARN_UNUSED_VARIABLE = YES;
				IPHONEOS_DEPLOYMENT_TARGET = 13.5;
				MTL_ENABLE_DEBUG_INFO = INCLUDE_SOURCE;
				MTL_FAST_MATH = YES;
				ONLY_ACTIVE_ARCH = YES;
				SDKROOT = iphoneos;
				SWIFT_ACTIVE_COMPILATION_CONDITIONS = DEBUG;
				SWIFT_OPTIMIZATION_LEVEL = "-Onone";
			};
			name = Debug;
		};
		E23AF4E324B4A1E900894B05 /* Release */ = {
			isa = XCBuildConfiguration;
			buildSettings = {
				ALWAYS_SEARCH_USER_PATHS = NO;
				CLANG_ANALYZER_NONNULL = YES;
				CLANG_ANALYZER_NUMBER_OBJECT_CONVERSION = YES_AGGRESSIVE;
				CLANG_CXX_LANGUAGE_STANDARD = "gnu++14";
				CLANG_CXX_LIBRARY = "libc++";
				CLANG_ENABLE_MODULES = YES;
				CLANG_ENABLE_OBJC_ARC = YES;
				CLANG_ENABLE_OBJC_WEAK = YES;
				CLANG_WARN_BLOCK_CAPTURE_AUTORELEASING = YES;
				CLANG_WARN_BOOL_CONVERSION = YES;
				CLANG_WARN_COMMA = YES;
				CLANG_WARN_CONSTANT_CONVERSION = YES;
				CLANG_WARN_DEPRECATED_OBJC_IMPLEMENTATIONS = YES;
				CLANG_WARN_DIRECT_OBJC_ISA_USAGE = YES_ERROR;
				CLANG_WARN_DOCUMENTATION_COMMENTS = YES;
				CLANG_WARN_EMPTY_BODY = YES;
				CLANG_WARN_ENUM_CONVERSION = YES;
				CLANG_WARN_INFINITE_RECURSION = YES;
				CLANG_WARN_INT_CONVERSION = YES;
				CLANG_WARN_NON_LITERAL_NULL_CONVERSION = YES;
				CLANG_WARN_OBJC_IMPLICIT_RETAIN_SELF = YES;
				CLANG_WARN_OBJC_LITERAL_CONVERSION = YES;
				CLANG_WARN_OBJC_ROOT_CLASS = YES_ERROR;
				CLANG_WARN_RANGE_LOOP_ANALYSIS = YES;
				CLANG_WARN_STRICT_PROTOTYPES = YES;
				CLANG_WARN_SUSPICIOUS_MOVE = YES;
				CLANG_WARN_UNGUARDED_AVAILABILITY = YES_AGGRESSIVE;
				CLANG_WARN_UNREACHABLE_CODE = YES;
				CLANG_WARN__DUPLICATE_METHOD_MATCH = YES;
				COPY_PHASE_STRIP = NO;
				DEBUG_INFORMATION_FORMAT = "dwarf-with-dsym";
				ENABLE_NS_ASSERTIONS = NO;
				ENABLE_STRICT_OBJC_MSGSEND = YES;
				GCC_C_LANGUAGE_STANDARD = gnu11;
				GCC_NO_COMMON_BLOCKS = YES;
				GCC_WARN_64_TO_32_BIT_CONVERSION = YES;
				GCC_WARN_ABOUT_RETURN_TYPE = YES_ERROR;
				GCC_WARN_UNDECLARED_SELECTOR = YES;
				GCC_WARN_UNINITIALIZED_AUTOS = YES_AGGRESSIVE;
				GCC_WARN_UNUSED_FUNCTION = YES;
				GCC_WARN_UNUSED_VARIABLE = YES;
				IPHONEOS_DEPLOYMENT_TARGET = 13.5;
				MTL_ENABLE_DEBUG_INFO = NO;
				MTL_FAST_MATH = YES;
				SDKROOT = iphoneos;
				SWIFT_COMPILATION_MODE = wholemodule;
				SWIFT_OPTIMIZATION_LEVEL = "-O";
				VALIDATE_PRODUCT = YES;
			};
			name = Release;
		};
		E23AF4E524B4A1E900894B05 /* Debug */ = {
			isa = XCBuildConfiguration;
			baseConfigurationReference = FDCFEE0854A3750D2F7BDEDC /* Pods-Challenger.debug.xcconfig */;
			buildSettings = {
				ASSETCATALOG_COMPILER_APPICON_NAME = AppIcon;
				CODE_SIGN_STYLE = Automatic;
				DEVELOPMENT_TEAM = TGS92GKGTF;
				INFOPLIST_FILE = Challenger/Info.plist;
				IPHONEOS_DEPLOYMENT_TARGET = 13.7;
				LD_RUNPATH_SEARCH_PATHS = (
					"$(inherited)",
					"@executable_path/Frameworks",
				);
				PRODUCT_BUNDLE_IDENTIFIER = com.sziffer.Challenger;
				PRODUCT_NAME = "$(TARGET_NAME)";
				SWIFT_VERSION = 5.0;
				TARGETED_DEVICE_FAMILY = 1;
			};
			name = Debug;
		};
		E23AF4E624B4A1E900894B05 /* Release */ = {
			isa = XCBuildConfiguration;
			baseConfigurationReference = C6C3C7ADEABFE137F1DBCC9D /* Pods-Challenger.release.xcconfig */;
			buildSettings = {
				ASSETCATALOG_COMPILER_APPICON_NAME = AppIcon;
				CODE_SIGN_STYLE = Automatic;
				DEVELOPMENT_TEAM = TGS92GKGTF;
				INFOPLIST_FILE = Challenger/Info.plist;
				IPHONEOS_DEPLOYMENT_TARGET = 13.7;
				LD_RUNPATH_SEARCH_PATHS = (
					"$(inherited)",
					"@executable_path/Frameworks",
				);
				PRODUCT_BUNDLE_IDENTIFIER = com.sziffer.Challenger;
				PRODUCT_NAME = "$(TARGET_NAME)";
				SWIFT_VERSION = 5.0;
				TARGETED_DEVICE_FAMILY = 1;
			};
			name = Release;
		};
/* End XCBuildConfiguration section */

/* Begin XCConfigurationList section */
		E23AF4C824B4A1E400894B05 /* Build configuration list for PBXProject "Challenger" */ = {
			isa = XCConfigurationList;
			buildConfigurations = (
				E23AF4E224B4A1E900894B05 /* Debug */,
				E23AF4E324B4A1E900894B05 /* Release */,
			);
			defaultConfigurationIsVisible = 0;
			defaultConfigurationName = Release;
		};
		E23AF4E424B4A1E900894B05 /* Build configuration list for PBXNativeTarget "Challenger" */ = {
			isa = XCConfigurationList;
			buildConfigurations = (
				E23AF4E524B4A1E900894B05 /* Debug */,
				E23AF4E624B4A1E900894B05 /* Release */,
			);
			defaultConfigurationIsVisible = 0;
			defaultConfigurationName = Release;
		};
/* End XCConfigurationList section */

/* Begin XCVersionGroup section */
		E23AF4D924B4A1E400894B05 /* Challenger.xcdatamodeld */ = {
			isa = XCVersionGroup;
			children = (
				E23AF4DA24B4A1E400894B05 /* Challenger.xcdatamodel */,
			);
			currentVersion = E23AF4DA24B4A1E400894B05 /* Challenger.xcdatamodel */;
			path = Challenger.xcdatamodeld;
			sourceTree = "<group>";
			versionGroupType = wrapper.xcdatamodel;
		};
/* End XCVersionGroup section */
	};
	rootObject = E23AF4C524B4A1E400894B05 /* Project object */;
}
